PODS:
  - Alamofire (5.4.1)
  - AppAuth (1.4.0):
    - AppAuth/Core (= 1.4.0)
    - AppAuth/ExternalUserAgent (= 1.4.0)
  - AppAuth/Core (1.4.0)
  - AppAuth/ExternalUserAgent (1.4.0)
  - JWTDecode (2.6.0)
  - KeychainSwift (19.0.0)
  - MIMIKEdgeMobileClient (5.8):
    - Alamofire (~> 5.4.1)
    - AppAuth (~> 1.4.0)
    - JWTDecode (~> 2.6.0)
    - KeychainSwift (~> 19.0.0)
    - SwiftyJSON (~> 5.0.0)
  - RxSwift (6.1.0)
  - SwiftyJSON (5.0.0)

DEPENDENCIES:
  - MIMIKEdgeMobileClient (= 5.8)
  - RxSwift (= 6.1.0)

SPEC REPOS:
  https://github.com/CocoaPods/Specs.git:
    - Alamofire
    - AppAuth
    - JWTDecode
    - KeychainSwift
    - RxSwift
    - SwiftyJSON
  https://github.com/mimikgit/cocoapod-edge-specs.git:
    - MIMIKEdgeMobileClient

SPEC CHECKSUMS:
  Alamofire: 2291f7d21ca607c491dd17642e5d40fdcda0e65c
  AppAuth: 31bcec809a638d7bd2f86ea8a52bd45f6e81e7c7
  JWTDecode: 480ca441ddbd5fbfb2abf17870af62f86436be58
  KeychainSwift: a06190cf933ad46b1e0abc3d77d29c06331715c7
  MIMIKEdgeMobileClient: 72b3b542f180236e4dbcedbc7e762c22c37ba481
  RxSwift: a834e5c538e89eca0cae86f403f4fbf0336786ce
  SwiftyJSON: 36413e04c44ee145039d332b4f4e2d3e8d6c4db7

PODFILE CHECKSUM: 9df4ceee42c404548ae57e04a5f680c5de7ebe22

COCOAPODS: 1.10.1
